
Microsoft Visual Studio Solution File, Format Version 12.00
# Visual Studio Version 16
VisualStudioVersion = 16.0.30717.126
MinimumVisualStudioVersion = 10.0.40219.1
Project("{8BC9CEB8-8B4A-11D0-8D11-00A0C91BC942}") = "user_proc", "user_proc.vcxproj", "{23FE5192-28A1-4570-B57A-E777D2B3A02B}"
EndProject
Global
	GlobalSection(SolutionConfigurationPlatforms) = preSolution
		Debug|x64 = Debug|x64
		Debug|x86 = Debug|x86
		Release|x64 = Release|x64
		Release|x86 = Release|x86
	EndGlobalSection
	GlobalSection(ProjectConfigurationPlatforms) = postSolution
		{23FE5192-28A1-4570-B57A-E777D2B3A02B}.Debug|x64.ActiveCfg = Debug|x64
		{23FE5192-28A1-4570-B57A-E777D2B3A02B}.Debug|x64.Build.0 = Debug|x64
		{23FE5192-28A1-4570-B57A-E777D2B3A02B}.Debug|x86.ActiveCfg = Debug|Win32
		{23FE5192-28A1-4570-B57A-E777D2B3A02B}.Debug|x86.Build.0 = Debug|Win32
		{23FE5192-28A1-4570-B57A-E777D2B3A02B}.Release|x64.ActiveCfg = Release|x64
		{23FE5192-28A1-4570-B57A-E777D2B3A02B}.Release|x64.Build.0 = Release|x64
		{23FE5192-28A1-4570-B57A-E777D2B3A02B}.Release|x86.ActiveCfg = Release|Win32
		{23FE5192-28A1-4570-B57A-E777D2B3A02B}.Release|x86.Build.0 = Release|Win32
	EndGlobalSection
	GlobalSection(SolutionProperties) = preSolution
		HideSolutionNode = FALSE
	EndGlobalSection
	GlobalSection(ExtensibilityGlobals) = postSolution
		SolutionGuid = {445A29A0-3D70-4BB9-A4E7-BF846705F78A}
	EndGlobalSection
EndGlobal
